
Microsoft Visual Studio Solution File, Format Version 12.00
# Visual Studio Version 17
VisualStudioVersion = 17.12.35323.107
MinimumVisualStudioVersion = 10.0.40219.1
Project("{FAE04EC0-301F-11D3-BF4B-00C04F79EFBC}") = "ImportBuddy", "ImportBuddy\ImportBuddy.csproj", "{FB5D1B50-13B5-4DF6-B660-C130A812F8AD}"
EndProject
Project("{FAE04EC0-301F-11D3-BF4B-00C04F79EFBC}") = "TheDiscDb.MakeMkv", "TheDiscDb.MakeMkv\TheDiscDb.MakeMkv.csproj", "{176AB312-7D66-4337-9227-F167A1FA2B0B}"
EndProject
Project("{FAE04EC0-301F-11D3-BF4B-00C04F79EFBC}") = "TheDiscDb.Core", "TheDiscDb.Core\TheDiscDb.Core.csproj", "{562B3A2C-C9F1-4EF2-A38F-3469CBF5DACB}"
EndProject
Project("{FAE04EC0-301F-11D3-BF4B-00C04F79EFBC}") = "TheDiscDb.Client", "TheDiscDb.Client\TheDiscDb.Client.csproj", "{EB41CBDE-28A0-4D3B-9FFF-4FFB581B8478}"
EndProject
Global
	GlobalSection(SolutionConfigurationPlatforms) = preSolution
		Debug|Any CPU = Debug|Any CPU
		Release|Any CPU = Release|Any CPU
	EndGlobalSection
	GlobalSection(ProjectConfigurationPlatforms) = postSolution
		{FB5D1B50-13B5-4DF6-B660-C130A812F8AD}.Debug|Any CPU.ActiveCfg = Debug|Any CPU
		{FB5D1B50-13B5-4DF6-B660-C130A812F8AD}.Debug|Any CPU.Build.0 = Debug|Any CPU
		{FB5D1B50-13B5-4DF6-B660-C130A812F8AD}.Release|Any CPU.ActiveCfg = Release|Any CPU
		{FB5D1B50-13B5-4DF6-B660-C130A812F8AD}.Release|Any CPU.Build.0 = Release|Any CPU
		{176AB312-7D66-4337-9227-F167A1FA2B0B}.Debug|Any CPU.ActiveCfg = Debug|Any CPU
		{176AB312-7D66-4337-9227-F167A1FA2B0B}.Debug|Any CPU.Build.0 = Debug|Any CPU
		{176AB312-7D66-4337-9227-F167A1FA2B0B}.Release|Any CPU.ActiveCfg = Release|Any CPU
		{176AB312-7D66-4337-9227-F167A1FA2B0B}.Release|Any CPU.Build.0 = Release|Any CPU
		{562B3A2C-C9F1-4EF2-A38F-3469CBF5DACB}.Debug|Any CPU.ActiveCfg = Debug|Any CPU
		{562B3A2C-C9F1-4EF2-A38F-3469CBF5DACB}.Debug|Any CPU.Build.0 = Debug|Any CPU
		{562B3A2C-C9F1-4EF2-A38F-3469CBF5DACB}.Release|Any CPU.ActiveCfg = Release|Any CPU
		{562B3A2C-C9F1-4EF2-A38F-3469CBF5DACB}.Release|Any CPU.Build.0 = Release|Any CPU
		{EB41CBDE-28A0-4D3B-9FFF-4FFB581B8478}.Debug|Any CPU.ActiveCfg = Debug|Any CPU
		{EB41CBDE-28A0-4D3B-9FFF-4FFB581B8478}.Debug|Any CPU.Build.0 = Debug|Any CPU
		{EB41CBDE-28A0-4D3B-9FFF-4FFB581B8478}.Release|Any CPU.ActiveCfg = Release|Any CPU
		{EB41CBDE-28A0-4D3B-9FFF-4FFB581B8478}.Release|Any CPU.Build.0 = Release|Any CPU
	EndGlobalSection
	GlobalSection(SolutionProperties) = preSolution
		HideSolutionNode = FALSE
	EndGlobalSection
	GlobalSection(ExtensibilityGlobals) = postSolution
		SolutionGuid = {4B985242-D595-487C-BEED-6B1321171649}
	EndGlobalSection
EndGlobal
