<Solution>
  <Project Path="../../../TheDiscDb.Import/TheDiscDb.Import.csproj" />
  <Project Path="ImportBuddy/ImportBuddy.csproj" />
  <Project Path="TheDiscDb.Client/TheDiscDb.Client.csproj" />
  <Project Path="TheDiscDb.Core/TheDiscDb.Core.csproj" />
  <Project Path="TheDiscDb.MakeMkv/TheDiscDb.MakeMkv.csproj" />
</Solution>
